{
  "lockfile_version": "1",
  "packages": {
    "cosign@latest": {
      "last_modified": "2025-03-11T17:52:14Z",
      "resolved": "github:NixOS/nixpkgs/0d534853a55b5d02a4ababa1d71921ce8f0aee4c#cosign",
      "source": "devbox-search",
      "version": "2.4.3",
      "systems": {
        "aarch64-darwin": {
          "outputs": [
            {
              "name": "out",
              "path": "/nix/store/damj6pbvxjlr54c1pwjirkc7q1jm4bql-cosign-2.4.3",
              "default": true
            }
          ],
          "store_path": "/nix/store/damj6pbvxjlr54c1pwjirkc7q1jm4bql-cosign-2.4.3"
        },
        "aarch64-linux": {
          "outputs": [
            {
              "name": "out",
              "path": "/nix/store/ri5v9blmw6lbvnv9ibjb0a8z0yl0hgbx-cosign-2.4.3",
              "default": true
            }
          ],
          "store_path": "/nix/store/ri5v9blmw6lbvnv9ibjb0a8z0yl0hgbx-cosign-2.4.3"
        },
        "x86_64-darwin": {
          "outputs": [
            {
              "name": "out",
              "path": "/nix/store/2rdmraapcv238yr5q5y8glprvl3bjilh-cosign-2.4.3",
              "default": true
            }
          ],
          "store_path": "/nix/store/2rdmraapcv238yr5q5y8glprvl3bjilh-cosign-2.4.3"
        },
        "x86_64-linux": {
          "outputs": [
            {
              "name": "out",
              "path": "/nix/store/wgdhdckqd4zgiwnj71kmg7dx10frnjvs-cosign-2.4.3",
              "default": true
            }
          ],
          "store_path": "/nix/store/wgdhdckqd4zgiwnj71kmg7dx10frnjvs-cosign-2.4.3"
        }
      }
    },
    "gh@latest": {
      "last_modified": "2025-03-20T07:39:01Z",
      "resolved": "github:NixOS/nixpkgs/7344a3b78128f7b1765dba89060b015fb75431a7#gh",
      "source": "devbox-search",
      "version": "2.69.0",
      "systems": {
        "aarch64-darwin": {
          "outputs": [
            {
              "name": "out",
              "path": "/nix/store/6s2865gwdm3hgcds6a3r3nyqwclj80nx-gh-2.69.0",
              "default": true
            }
          ],
          "store_path": "/nix/store/6s2865gwdm3hgcds6a3r3nyqwclj80nx-gh-2.69.0"
        },
        "aarch64-linux": {
          "outputs": [
            {
              "name": "out",
              "path": "/nix/store/j3p8s8lqhqqc6kg3w8khcgnfh9isf4py-gh-2.69.0",
              "default": true
            }
          ],
          "store_path": "/nix/store/j3p8s8lqhqqc6kg3w8khcgnfh9isf4py-gh-2.69.0"
        },
        "x86_64-darwin": {
          "outputs": [
            {
              "name": "out",
              "path": "/nix/store/1nk3pd01m0mqgssimdzps9c3qvw76yj4-gh-2.69.0",
              "default": true
            }
          ],
          "store_path": "/nix/store/1nk3pd01m0mqgssimdzps9c3qvw76yj4-gh-2.69.0"
        },
        "x86_64-linux": {
          "outputs": [
            {
              "name": "out",
              "path": "/nix/store/31kf4bsi4cwm60p6v2cpfagd2qrvmflr-gh-2.69.0",
              "default": true
            }
          ],
          "store_path": "/nix/store/31kf4bsi4cwm60p6v2cpfagd2qrvmflr-gh-2.69.0"
        }
      }
    }
  }
}
